
Microsoft Visual Studio Solution File, Format Version 12.00
# Visual Studio 15
VisualStudioVersion = 15.0.27703.2018
MinimumVisualStudioVersion = 10.0.40219.1
Project("{FAE04EC0-301F-11D3-BF4B-00C04F79EFBC}") = "ClassificationApp", "ClassificationApp.csproj", "{516B9FCB-EDD1-4908-9E7E-A4826472AEFC}"
EndProject
Global
	GlobalSection(SolutionConfigurationPlatforms) = preSolution
		Debug|Any CPU = Debug|Any CPU
		Release|Any CPU = Release|Any CPU
	EndGlobalSection
	GlobalSection(ProjectConfigurationPlatforms) = postSolution
		{516B9FCB-EDD1-4908-9E7E-A4826472AEFC}.Debug|Any CPU.ActiveCfg = Debug|Any CPU
		{516B9FCB-EDD1-4908-9E7E-A4826472AEFC}.Debug|Any CPU.Build.0 = Debug|Any CPU
		{516B9FCB-EDD1-4908-9E7E-A4826472AEFC}.Release|Any CPU.ActiveCfg = Release|Any CPU
		{516B9FCB-EDD1-4908-9E7E-A4826472AEFC}.Release|Any CPU.Build.0 = Release|Any CPU
	EndGlobalSection
	GlobalSection(SolutionProperties) = preSolution
		HideSolutionNode = FALSE
	EndGlobalSection
	GlobalSection(ExtensibilityGlobals) = postSolution
		SolutionGuid = {3EF87455-6442-4F22-9590-8961130B6F01}
	EndGlobalSection
EndGlobal
